
Microsoft Visual Studio Solution File, Format Version 12.00
# Visual Studio 2012
Project("{FAE04EC0-301F-11D3-BF4B-00C04F79EFBC}") = "huyaGo", "huyaGo\huyaGo.csproj", "{83CDEAA0-5591-4B9A-B1C2-3CA8BC878EDE}"
EndProject
Global
	GlobalSection(SolutionConfigurationPlatforms) = preSolution
		Debug|Any CPU = Debug|Any CPU
		Release|Any CPU = Release|Any CPU
	EndGlobalSection
	GlobalSection(ProjectConfigurationPlatforms) = postSolution
		{83CDEAA0-5591-4B9A-B1C2-3CA8BC878EDE}.Debug|Any CPU.ActiveCfg = Debug|Any CPU
		{83CDEAA0-5591-4B9A-B1C2-3CA8BC878EDE}.Debug|Any CPU.Build.0 = Debug|Any CPU
		{83CDEAA0-5591-4B9A-B1C2-3CA8BC878EDE}.Release|Any CPU.ActiveCfg = Release|Any CPU
		{83CDEAA0-5591-4B9A-B1C2-3CA8BC878EDE}.Release|Any CPU.Build.0 = Release|Any CPU
	EndGlobalSection
	GlobalSection(SolutionProperties) = preSolution
		HideSolutionNode = FALSE
	EndGlobalSection
EndGlobal
